
Microsoft Visual Studio Solution File, Format Version 12.00
# Visual Studio 15
VisualStudioVersion = 15.0.27130.2020
MinimumVisualStudioVersion = 10.0.40219.1
Project("{FAE04EC0-301F-11D3-BF4B-00C04F79EFBC}") = "MaxUndercut", "MaxUndercut\MaxUndercut.csproj", "{89F663B2-7BFB-4BEF-83E5-304F07B07F68}"
EndProject
Global
	GlobalSection(SolutionConfigurationPlatforms) = preSolution
		Debug|Any CPU = Debug|Any CPU
		Release|Any CPU = Release|Any CPU
	EndGlobalSection
	GlobalSection(ProjectConfigurationPlatforms) = postSolution
		{89F663B2-7BFB-4BEF-83E5-304F07B07F68}.Debug|Any CPU.ActiveCfg = Debug|Any CPU
		{89F663B2-7BFB-4BEF-83E5-304F07B07F68}.Debug|Any CPU.Build.0 = Debug|Any CPU
		{89F663B2-7BFB-4BEF-83E5-304F07B07F68}.Release|Any CPU.ActiveCfg = Release|Any CPU
		{89F663B2-7BFB-4BEF-83E5-304F07B07F68}.Release|Any CPU.Build.0 = Release|Any CPU
	EndGlobalSection
	GlobalSection(SolutionProperties) = preSolution
		HideSolutionNode = FALSE
	EndGlobalSection
	GlobalSection(ExtensibilityGlobals) = postSolution
		SolutionGuid = {F3C472E3-327A-4D26-9A91-0BFC2D55BB44}
	EndGlobalSection
EndGlobal
